
Microsoft Visual Studio Solution File, Format Version 12.00
# Visual Studio 2013
VisualStudioVersion = 12.0.21005.1
MinimumVisualStudioVersion = 10.0.40219.1
Project("{FAE04EC0-301F-11D3-BF4B-00C04F79EFBC}") = "Erp.Custom.UI.Common", "Erp.Custom.UI.Common\Erp.Custom.UI.Common.csproj", "{F154B912-6CBA-47C7-989F-BF1B2B0751C9}"
	ProjectSection(ProjectDependencies) = postProject
		{B1328021-8720-4DC6-8B1D-38A8D52429C5} = {B1328021-8720-4DC6-8B1D-38A8D52429C5}
		{7D2DE062-DA9F-43FC-852A-67BAE5FA7A7E} = {7D2DE062-DA9F-43FC-852A-67BAE5FA7A7E}
		{3E19E0CC-CE29-4DC0-90AC-4C0DC263DE1E} = {3E19E0CC-CE29-4DC0-90AC-4C0DC263DE1E}
	EndProjectSection
EndProject
Project("{FAE04EC0-301F-11D3-BF4B-00C04F79EFBC}") = "Erp.Custom.Core.DataService", "Erp.Custom.Core.DataService\Erp.Custom.Core.DataService.csproj", "{202DBF1C-6B3F-47B5-9E59-ADE8DEDE6BB1}"
EndProject
Project("{FAE04EC0-301F-11D3-BF4B-00C04F79EFBC}") = "Erp.Custom.Core.Framework", "Erp.Custom.Core.Framework\Erp.Custom.Core.Framework.csproj", "{B1328021-8720-4DC6-8B1D-38A8D52429C5}"
EndProject
Project("{FAE04EC0-301F-11D3-BF4B-00C04F79EFBC}") = "Erp.Custom.Core.Session", "Erp.Custom.Core.Session\Erp.Custom.Core.Session.csproj", "{3E19E0CC-CE29-4DC0-90AC-4C0DC263DE1E}"
EndProject
Project("{FAE04EC0-301F-11D3-BF4B-00C04F79EFBC}") = "Erp.Custom.SecurityAuth", "Erp.Custom.SecurityAuth\Erp.Custom.SecurityAuth.csproj", "{6DB90FDE-6C3C-4B6B-9866-C9CEFE260EAE}"
EndProject
Project("{FAE04EC0-301F-11D3-BF4B-00C04F79EFBC}") = "Erp.Custom.CostManagement", "Erp.Custom.CostManagement\Erp.Custom.CostManagement.csproj", "{7D2DE062-DA9F-43FC-852A-67BAE5FA7A7E}"
EndProject
Project("{FAE04EC0-301F-11D3-BF4B-00C04F79EFBC}") = "Ice.CustomUI.PRList", "Ice.CustomUI.PRList\Ice.CustomUI.PRList.csproj", "{86DF8869-1FFC-42CB-BEEE-B30788585A20}"
EndProject
Project("{FAE04EC0-301F-11D3-BF4B-00C04F79EFBC}") = "Erp.Custom.SecurityAuthTests", "Erp.Custom.SecurityAuthTests\Erp.Custom.SecurityAuthTests.csproj", "{A5E4ACA1-ADA6-4446-BAC1-D111918BECB3}"
EndProject
Project("{FAE04EC0-301F-11D3-BF4B-00C04F79EFBC}") = "Ice.CustomUI.PRListTests", "Ice.CustomUI.PRListTests\Ice.CustomUI.PRListTests.csproj", "{675B35B7-3B54-4D5A-8F6D-207C1907A1BF}"
EndProject
Project("{FAE04EC0-301F-11D3-BF4B-00C04F79EFBC}") = "Erp.Custom.Core.SessionTests", "Erp.Custom.Core.SessionTests\Erp.Custom.Core.SessionTests.csproj", "{0EF4D5D8-EDC9-4839-B8B1-0E0BEAB15E23}"
EndProject
Project("{2150E333-8FDC-42A3-9474-1A3956D46DE8}") = "Customize.Core", "Customize.Core", "{46188F4D-32FA-4933-A2E1-244C41C30AD9}"
EndProject
Project("{2150E333-8FDC-42A3-9474-1A3956D46DE8}") = "Tester", "Tester", "{3CF9413E-5AD0-48C0-AF3E-598131D89635}"
EndProject
Project("{2150E333-8FDC-42A3-9474-1A3956D46DE8}") = "Customize.UI.Libraries", "Customize.UI.Libraries", "{62497337-67DF-41A7-8F1D-BFB0FF2484AE}"
EndProject
Project("{2150E333-8FDC-42A3-9474-1A3956D46DE8}") = "Customize.Libraries", "Customize.Libraries", "{EA7F47C3-01C9-4E56-A29E-CECD6BEEDC98}"
EndProject
Project("{FAE04EC0-301F-11D3-BF4B-00C04F79EFBC}") = "Erp.Custom.CostManagementTests", "Erp.Custom.CostManagementTests\Erp.Custom.CostManagementTests.csproj", "{60132BD2-2457-46B5-80BB-50AB81FDFBAD}"
EndProject
Project("{FAE04EC0-301F-11D3-BF4B-00C04F79EFBC}") = "Ice.Custom.UI.Auth", "Ice.Custom.UI.Auth\Ice.Custom.UI.Auth.csproj", "{0CB2481D-4F1F-462F-A4C8-D588456593A2}"
EndProject
Project("{FAE04EC0-301F-11D3-BF4B-00C04F79EFBC}") = "Ice.Custom.UI.CostRequest", "Ice.Custom.UI.Cost\Ice.Custom.UI.CostRequest.csproj", "{DB3E63CE-E1F4-4D41-BB54-BF77E2402DBE}"
EndProject
Project("{FAE04EC0-301F-11D3-BF4B-00C04F79EFBC}") = "MyUD07", "MyUD07\MyUD07.csproj", "{5E899602-58CB-406B-B82D-0D45F6E20099}"
EndProject
Global
	GlobalSection(SolutionConfigurationPlatforms) = preSolution
		Debug|Any CPU = Debug|Any CPU
		Release|Any CPU = Release|Any CPU
	EndGlobalSection
	GlobalSection(ProjectConfigurationPlatforms) = postSolution
		{F154B912-6CBA-47C7-989F-BF1B2B0751C9}.Debug|Any CPU.ActiveCfg = Debug|Any CPU
		{F154B912-6CBA-47C7-989F-BF1B2B0751C9}.Debug|Any CPU.Build.0 = Debug|Any CPU
		{F154B912-6CBA-47C7-989F-BF1B2B0751C9}.Release|Any CPU.ActiveCfg = Release|Any CPU
		{F154B912-6CBA-47C7-989F-BF1B2B0751C9}.Release|Any CPU.Build.0 = Release|Any CPU
		{202DBF1C-6B3F-47B5-9E59-ADE8DEDE6BB1}.Debug|Any CPU.ActiveCfg = Debug|Any CPU
		{202DBF1C-6B3F-47B5-9E59-ADE8DEDE6BB1}.Debug|Any CPU.Build.0 = Debug|Any CPU
		{202DBF1C-6B3F-47B5-9E59-ADE8DEDE6BB1}.Release|Any CPU.ActiveCfg = Release|Any CPU
		{202DBF1C-6B3F-47B5-9E59-ADE8DEDE6BB1}.Release|Any CPU.Build.0 = Release|Any CPU
		{B1328021-8720-4DC6-8B1D-38A8D52429C5}.Debug|Any CPU.ActiveCfg = Debug|Any CPU
		{B1328021-8720-4DC6-8B1D-38A8D52429C5}.Debug|Any CPU.Build.0 = Debug|Any CPU
		{B1328021-8720-4DC6-8B1D-38A8D52429C5}.Release|Any CPU.ActiveCfg = Release|Any CPU
		{B1328021-8720-4DC6-8B1D-38A8D52429C5}.Release|Any CPU.Build.0 = Release|Any CPU
		{3E19E0CC-CE29-4DC0-90AC-4C0DC263DE1E}.Debug|Any CPU.ActiveCfg = Debug|Any CPU
		{3E19E0CC-CE29-4DC0-90AC-4C0DC263DE1E}.Debug|Any CPU.Build.0 = Debug|Any CPU
		{3E19E0CC-CE29-4DC0-90AC-4C0DC263DE1E}.Release|Any CPU.ActiveCfg = Release|Any CPU
		{3E19E0CC-CE29-4DC0-90AC-4C0DC263DE1E}.Release|Any CPU.Build.0 = Release|Any CPU
		{6DB90FDE-6C3C-4B6B-9866-C9CEFE260EAE}.Debug|Any CPU.ActiveCfg = Debug|Any CPU
		{6DB90FDE-6C3C-4B6B-9866-C9CEFE260EAE}.Debug|Any CPU.Build.0 = Debug|Any CPU
		{6DB90FDE-6C3C-4B6B-9866-C9CEFE260EAE}.Release|Any CPU.ActiveCfg = Release|Any CPU
		{6DB90FDE-6C3C-4B6B-9866-C9CEFE260EAE}.Release|Any CPU.Build.0 = Release|Any CPU
		{7D2DE062-DA9F-43FC-852A-67BAE5FA7A7E}.Debug|Any CPU.ActiveCfg = Debug|Any CPU
		{7D2DE062-DA9F-43FC-852A-67BAE5FA7A7E}.Debug|Any CPU.Build.0 = Debug|Any CPU
		{7D2DE062-DA9F-43FC-852A-67BAE5FA7A7E}.Release|Any CPU.ActiveCfg = Release|Any CPU
		{7D2DE062-DA9F-43FC-852A-67BAE5FA7A7E}.Release|Any CPU.Build.0 = Release|Any CPU
		{86DF8869-1FFC-42CB-BEEE-B30788585A20}.Debug|Any CPU.ActiveCfg = Debug|Any CPU
		{86DF8869-1FFC-42CB-BEEE-B30788585A20}.Debug|Any CPU.Build.0 = Debug|Any CPU
		{86DF8869-1FFC-42CB-BEEE-B30788585A20}.Release|Any CPU.ActiveCfg = Release|Any CPU
		{86DF8869-1FFC-42CB-BEEE-B30788585A20}.Release|Any CPU.Build.0 = Release|Any CPU
		{A5E4ACA1-ADA6-4446-BAC1-D111918BECB3}.Debug|Any CPU.ActiveCfg = Debug|Any CPU
		{A5E4ACA1-ADA6-4446-BAC1-D111918BECB3}.Debug|Any CPU.Build.0 = Debug|Any CPU
		{A5E4ACA1-ADA6-4446-BAC1-D111918BECB3}.Release|Any CPU.ActiveCfg = Release|Any CPU
		{A5E4ACA1-ADA6-4446-BAC1-D111918BECB3}.Release|Any CPU.Build.0 = Release|Any CPU
		{675B35B7-3B54-4D5A-8F6D-207C1907A1BF}.Debug|Any CPU.ActiveCfg = Debug|Any CPU
		{675B35B7-3B54-4D5A-8F6D-207C1907A1BF}.Debug|Any CPU.Build.0 = Debug|Any CPU
		{675B35B7-3B54-4D5A-8F6D-207C1907A1BF}.Release|Any CPU.ActiveCfg = Release|Any CPU
		{675B35B7-3B54-4D5A-8F6D-207C1907A1BF}.Release|Any CPU.Build.0 = Release|Any CPU
		{0EF4D5D8-EDC9-4839-B8B1-0E0BEAB15E23}.Debug|Any CPU.ActiveCfg = Debug|Any CPU
		{0EF4D5D8-EDC9-4839-B8B1-0E0BEAB15E23}.Debug|Any CPU.Build.0 = Debug|Any CPU
		{0EF4D5D8-EDC9-4839-B8B1-0E0BEAB15E23}.Release|Any CPU.ActiveCfg = Release|Any CPU
		{0EF4D5D8-EDC9-4839-B8B1-0E0BEAB15E23}.Release|Any CPU.Build.0 = Release|Any CPU
		{60132BD2-2457-46B5-80BB-50AB81FDFBAD}.Debug|Any CPU.ActiveCfg = Debug|Any CPU
		{60132BD2-2457-46B5-80BB-50AB81FDFBAD}.Debug|Any CPU.Build.0 = Debug|Any CPU
		{60132BD2-2457-46B5-80BB-50AB81FDFBAD}.Release|Any CPU.ActiveCfg = Release|Any CPU
		{60132BD2-2457-46B5-80BB-50AB81FDFBAD}.Release|Any CPU.Build.0 = Release|Any CPU
		{0CB2481D-4F1F-462F-A4C8-D588456593A2}.Debug|Any CPU.ActiveCfg = Debug|Any CPU
		{0CB2481D-4F1F-462F-A4C8-D588456593A2}.Debug|Any CPU.Build.0 = Debug|Any CPU
		{0CB2481D-4F1F-462F-A4C8-D588456593A2}.Release|Any CPU.ActiveCfg = Release|Any CPU
		{0CB2481D-4F1F-462F-A4C8-D588456593A2}.Release|Any CPU.Build.0 = Release|Any CPU
		{DB3E63CE-E1F4-4D41-BB54-BF77E2402DBE}.Debug|Any CPU.ActiveCfg = Debug|Any CPU
		{DB3E63CE-E1F4-4D41-BB54-BF77E2402DBE}.Debug|Any CPU.Build.0 = Debug|Any CPU
		{DB3E63CE-E1F4-4D41-BB54-BF77E2402DBE}.Release|Any CPU.ActiveCfg = Release|Any CPU
		{DB3E63CE-E1F4-4D41-BB54-BF77E2402DBE}.Release|Any CPU.Build.0 = Release|Any CPU
		{5E899602-58CB-406B-B82D-0D45F6E20099}.Debug|Any CPU.ActiveCfg = Debug|Any CPU
		{5E899602-58CB-406B-B82D-0D45F6E20099}.Debug|Any CPU.Build.0 = Debug|Any CPU
		{5E899602-58CB-406B-B82D-0D45F6E20099}.Release|Any CPU.ActiveCfg = Release|Any CPU
		{5E899602-58CB-406B-B82D-0D45F6E20099}.Release|Any CPU.Build.0 = Release|Any CPU
	EndGlobalSection
	GlobalSection(SolutionProperties) = preSolution
		HideSolutionNode = FALSE
	EndGlobalSection
	GlobalSection(NestedProjects) = preSolution
		{B1328021-8720-4DC6-8B1D-38A8D52429C5} = {46188F4D-32FA-4933-A2E1-244C41C30AD9}
		{3E19E0CC-CE29-4DC0-90AC-4C0DC263DE1E} = {46188F4D-32FA-4933-A2E1-244C41C30AD9}
		{202DBF1C-6B3F-47B5-9E59-ADE8DEDE6BB1} = {46188F4D-32FA-4933-A2E1-244C41C30AD9}
		{7D2DE062-DA9F-43FC-852A-67BAE5FA7A7E} = {EA7F47C3-01C9-4E56-A29E-CECD6BEEDC98}
		{6DB90FDE-6C3C-4B6B-9866-C9CEFE260EAE} = {EA7F47C3-01C9-4E56-A29E-CECD6BEEDC98}
		{86DF8869-1FFC-42CB-BEEE-B30788585A20} = {62497337-67DF-41A7-8F1D-BFB0FF2484AE}
		{0CB2481D-4F1F-462F-A4C8-D588456593A2} = {62497337-67DF-41A7-8F1D-BFB0FF2484AE}
		{DB3E63CE-E1F4-4D41-BB54-BF77E2402DBE} = {62497337-67DF-41A7-8F1D-BFB0FF2484AE}
		{675B35B7-3B54-4D5A-8F6D-207C1907A1BF} = {3CF9413E-5AD0-48C0-AF3E-598131D89635}
		{0EF4D5D8-EDC9-4839-B8B1-0E0BEAB15E23} = {3CF9413E-5AD0-48C0-AF3E-598131D89635}
		{A5E4ACA1-ADA6-4446-BAC1-D111918BECB3} = {3CF9413E-5AD0-48C0-AF3E-598131D89635}
		{60132BD2-2457-46B5-80BB-50AB81FDFBAD} = {3CF9413E-5AD0-48C0-AF3E-598131D89635}
	EndGlobalSection
EndGlobal
